
Microsoft Visual Studio Solution File, Format Version 12.00
# Visual Studio Version 16
VisualStudioVersion = 16.0.31321.278
MinimumVisualStudioVersion = 10.0.40219.1
Project("{8BC9CEB8-8B4A-11D0-8D11-00A0C91BC942}") = "SysProg-9.MemShare", "SysProg-9.MemShare\SysProg-9.MemShare.vcxproj", "{EF95D4C6-0964-4DF0-A1BA-F6D2EE3D33B0}"
EndProject
Project("{8BC9CEB8-8B4A-11D0-8D11-00A0C91BC942}") = "SysProg-10.MemShare2", "SysProg-10.MemShare2\SysProg-10.MemShare2.vcxproj", "{B949E557-07EC-4F1D-ABF2-51C770A4BCBD}"
EndProject
Global
	GlobalSection(SolutionConfigurationPlatforms) = preSolution
		Debug|x64 = Debug|x64
		Debug|x86 = Debug|x86
		Release|x64 = Release|x64
		Release|x86 = Release|x86
	EndGlobalSection
	GlobalSection(ProjectConfigurationPlatforms) = postSolution
		{EF95D4C6-0964-4DF0-A1BA-F6D2EE3D33B0}.Debug|x64.ActiveCfg = Debug|x64
		{EF95D4C6-0964-4DF0-A1BA-F6D2EE3D33B0}.Debug|x64.Build.0 = Debug|x64
		{EF95D4C6-0964-4DF0-A1BA-F6D2EE3D33B0}.Debug|x86.ActiveCfg = Debug|Win32
		{EF95D4C6-0964-4DF0-A1BA-F6D2EE3D33B0}.Debug|x86.Build.0 = Debug|Win32
		{EF95D4C6-0964-4DF0-A1BA-F6D2EE3D33B0}.Release|x64.ActiveCfg = Release|x64
		{EF95D4C6-0964-4DF0-A1BA-F6D2EE3D33B0}.Release|x64.Build.0 = Release|x64
		{EF95D4C6-0964-4DF0-A1BA-F6D2EE3D33B0}.Release|x86.ActiveCfg = Release|Win32
		{EF95D4C6-0964-4DF0-A1BA-F6D2EE3D33B0}.Release|x86.Build.0 = Release|Win32
		{B949E557-07EC-4F1D-ABF2-51C770A4BCBD}.Debug|x64.ActiveCfg = Debug|x64
		{B949E557-07EC-4F1D-ABF2-51C770A4BCBD}.Debug|x64.Build.0 = Debug|x64
		{B949E557-07EC-4F1D-ABF2-51C770A4BCBD}.Debug|x86.ActiveCfg = Debug|Win32
		{B949E557-07EC-4F1D-ABF2-51C770A4BCBD}.Debug|x86.Build.0 = Debug|Win32
		{B949E557-07EC-4F1D-ABF2-51C770A4BCBD}.Release|x64.ActiveCfg = Release|x64
		{B949E557-07EC-4F1D-ABF2-51C770A4BCBD}.Release|x64.Build.0 = Release|x64
		{B949E557-07EC-4F1D-ABF2-51C770A4BCBD}.Release|x86.ActiveCfg = Release|Win32
		{B949E557-07EC-4F1D-ABF2-51C770A4BCBD}.Release|x86.Build.0 = Release|Win32
	EndGlobalSection
	GlobalSection(SolutionProperties) = preSolution
		HideSolutionNode = FALSE
	EndGlobalSection
	GlobalSection(ExtensibilityGlobals) = postSolution
		SolutionGuid = {AF048C04-3386-484F-A82A-CA96820A6BD0}
	EndGlobalSection
EndGlobal
