
Microsoft Visual Studio Solution File, Format Version 12.00
# Visual Studio Version 16
VisualStudioVersion = 16.0.31205.134
MinimumVisualStudioVersion = 10.0.40219.1
Project("{8BC9CEB8-8B4A-11D0-8D11-00A0C91BC942}") = "EnumProcesses", "EnumProcesses\EnumProcesses.vcxproj", "{EE510F07-BDD7-4668-AB90-59CEC37BA1D3}"
EndProject
Global
	GlobalSection(SolutionConfigurationPlatforms) = preSolution
		Debug|x64 = Debug|x64
		Debug|x86 = Debug|x86
		Release|x64 = Release|x64
		Release|x86 = Release|x86
	EndGlobalSection
	GlobalSection(ProjectConfigurationPlatforms) = postSolution
		{EE510F07-BDD7-4668-AB90-59CEC37BA1D3}.Debug|x64.ActiveCfg = Debug|x64
		{EE510F07-BDD7-4668-AB90-59CEC37BA1D3}.Debug|x64.Build.0 = Debug|x64
		{EE510F07-BDD7-4668-AB90-59CEC37BA1D3}.Debug|x86.ActiveCfg = Debug|Win32
		{EE510F07-BDD7-4668-AB90-59CEC37BA1D3}.Debug|x86.Build.0 = Debug|Win32
		{EE510F07-BDD7-4668-AB90-59CEC37BA1D3}.Release|x64.ActiveCfg = Release|x64
		{EE510F07-BDD7-4668-AB90-59CEC37BA1D3}.Release|x64.Build.0 = Release|x64
		{EE510F07-BDD7-4668-AB90-59CEC37BA1D3}.Release|x86.ActiveCfg = Release|Win32
		{EE510F07-BDD7-4668-AB90-59CEC37BA1D3}.Release|x86.Build.0 = Release|Win32
	EndGlobalSection
	GlobalSection(SolutionProperties) = preSolution
		HideSolutionNode = FALSE
	EndGlobalSection
	GlobalSection(ExtensibilityGlobals) = postSolution
		SolutionGuid = {72EC4634-4D9F-45D3-9088-9A0A57C494C4}
	EndGlobalSection
EndGlobal
